
Microsoft Visual Studio Solution File, Format Version 12.00
# Visual Studio Version 17
VisualStudioVersion = 17.5.33530.505
MinimumVisualStudioVersion = 10.0.40219.1
Project("{9A19103F-16F7-4668-BE54-9A1E7A4F7556}") = "GoldinAccountManager.API", "GoldinAccountManager.API\GoldinAccountManager.API.csproj", "{7D162B95-F997-4AB5-9E21-0E17279DAA90}"
EndProject
Project("{2150E333-8FDC-42A3-9474-1A3956D46DE8}") = "Api", "Api", "{0F833550-EE30-4259-B990-A4629C13CE7D}"
EndProject
Project("{2150E333-8FDC-42A3-9474-1A3956D46DE8}") = "Website", "Website", "{AA32CBA7-C2E4-42C0-AC26-3494CEDB365A}"
EndProject
Project("{2150E333-8FDC-42A3-9474-1A3956D46DE8}") = "Database", "Database", "{0280C92D-02EF-497B-817D-C07F908AADAB}"
EndProject
Project("{9A19103F-16F7-4668-BE54-9A1E7A4F7556}") = "GoldinAccountManager.Database", "GoldinAccountManager.Database\GoldinAccountManager.Database.csproj", "{8717C38E-1CC4-423F-B7D5-4CC4DE90B696}"
EndProject
Project("{9A19103F-16F7-4668-BE54-9A1E7A4F7556}") = "GoldinAccountManager.Website", "GoldinAccountManager.Website\GoldinAccountManager.Website.csproj", "{334C84C0-418F-4411-82F7-D8C9E16858A6}"
EndProject
Global
	GlobalSection(SolutionConfigurationPlatforms) = preSolution
		Debug|Any CPU = Debug|Any CPU
		Release|Any CPU = Release|Any CPU
	EndGlobalSection
	GlobalSection(ProjectConfigurationPlatforms) = postSolution
		{7D162B95-F997-4AB5-9E21-0E17279DAA90}.Debug|Any CPU.ActiveCfg = Debug|Any CPU
		{7D162B95-F997-4AB5-9E21-0E17279DAA90}.Debug|Any CPU.Build.0 = Debug|Any CPU
		{7D162B95-F997-4AB5-9E21-0E17279DAA90}.Release|Any CPU.ActiveCfg = Release|Any CPU
		{7D162B95-F997-4AB5-9E21-0E17279DAA90}.Release|Any CPU.Build.0 = Release|Any CPU
		{8717C38E-1CC4-423F-B7D5-4CC4DE90B696}.Debug|Any CPU.ActiveCfg = Debug|Any CPU
		{8717C38E-1CC4-423F-B7D5-4CC4DE90B696}.Debug|Any CPU.Build.0 = Debug|Any CPU
		{8717C38E-1CC4-423F-B7D5-4CC4DE90B696}.Release|Any CPU.ActiveCfg = Release|Any CPU
		{8717C38E-1CC4-423F-B7D5-4CC4DE90B696}.Release|Any CPU.Build.0 = Release|Any CPU
		{334C84C0-418F-4411-82F7-D8C9E16858A6}.Debug|Any CPU.ActiveCfg = Debug|Any CPU
		{334C84C0-418F-4411-82F7-D8C9E16858A6}.Debug|Any CPU.Build.0 = Debug|Any CPU
		{334C84C0-418F-4411-82F7-D8C9E16858A6}.Release|Any CPU.ActiveCfg = Release|Any CPU
		{334C84C0-418F-4411-82F7-D8C9E16858A6}.Release|Any CPU.Build.0 = Release|Any CPU
	EndGlobalSection
	GlobalSection(SolutionProperties) = preSolution
		HideSolutionNode = FALSE
	EndGlobalSection
	GlobalSection(NestedProjects) = preSolution
		{7D162B95-F997-4AB5-9E21-0E17279DAA90} = {0F833550-EE30-4259-B990-A4629C13CE7D}
		{8717C38E-1CC4-423F-B7D5-4CC4DE90B696} = {0280C92D-02EF-497B-817D-C07F908AADAB}
		{334C84C0-418F-4411-82F7-D8C9E16858A6} = {AA32CBA7-C2E4-42C0-AC26-3494CEDB365A}
	EndGlobalSection
	GlobalSection(ExtensibilityGlobals) = postSolution
		SolutionGuid = {AEB74FC3-4170-49B7-AC57-1FE0BDBE72A6}
	EndGlobalSection
EndGlobal
